
Microsoft Visual Studio Solution File, Format Version 12.00
# Visual Studio Version 17
VisualStudioVersion = 17.3.32825.248
MinimumVisualStudioVersion = 10.0.40219.1
Project("{9A19103F-16F7-4668-BE54-9A1E7A4F7556}") = "ML_DPZM3P_WPF", "WpfApp1aaa\ML_DPZM3P_WPF.csproj", "{88624D6F-1D72-4760-9D80-B58F0C640DCE}"
EndProject
Global
	GlobalSection(SolutionConfigurationPlatforms) = preSolution
		Debug|Any CPU = Debug|Any CPU
		Release|Any CPU = Release|Any CPU
	EndGlobalSection
	GlobalSection(ProjectConfigurationPlatforms) = postSolution
		{88624D6F-1D72-4760-9D80-B58F0C640DCE}.Debug|Any CPU.ActiveCfg = Debug|Any CPU
		{88624D6F-1D72-4760-9D80-B58F0C640DCE}.Debug|Any CPU.Build.0 = Debug|Any CPU
		{88624D6F-1D72-4760-9D80-B58F0C640DCE}.Release|Any CPU.ActiveCfg = Release|Any CPU
		{88624D6F-1D72-4760-9D80-B58F0C640DCE}.Release|Any CPU.Build.0 = Release|Any CPU
	EndGlobalSection
	GlobalSection(SolutionProperties) = preSolution
		HideSolutionNode = FALSE
	EndGlobalSection
	GlobalSection(ExtensibilityGlobals) = postSolution
		SolutionGuid = {7FE8271D-1B7E-46E7-9407-2E545DE993C6}
	EndGlobalSection
EndGlobal
